
Microsoft Visual Studio Solution File, Format Version 12.00
# Visual Studio Version 16
VisualStudioVersion = 16.0.30128.74
MinimumVisualStudioVersion = 10.0.40219.1
Project("{2150E333-8FDC-42A3-9474-1A3956D46DE8}") = "0. Solution Items", "0. Solution Items", "{E6941914-880F-47F7-B1AD-338D729C35F7}"
	ProjectSection(SolutionItems) = preProject
		REDME.md = REDME.md
	EndProjectSection
EndProject
Global
	GlobalSection(SolutionProperties) = preSolution
		HideSolutionNode = FALSE
	EndGlobalSection
	GlobalSection(ExtensibilityGlobals) = postSolution
		SolutionGuid = {E876FDEA-3F86-40E4-B1A9-E6E8BAD0A0C4}
	EndGlobalSection
EndGlobal
