
Microsoft Visual Studio Solution File, Format Version 12.00
# Visual Studio Version 16
VisualStudioVersion = 16.0.30128.74
MinimumVisualStudioVersion = 10.0.40219.1
Project("{2150E333-8FDC-42A3-9474-1A3956D46DE8}") = "0. Solution Items", "0. Solution Items", "{E6941914-880F-47F7-B1AD-338D729C35F7}"
	ProjectSection(SolutionItems) = preProject
		README.md = README.md
	EndProjectSection
EndProject
Project("{2150E333-8FDC-42A3-9474-1A3956D46DE8}") = "1. SelfHost", "1. SelfHost", "{B4FC3BAB-A70E-4BBD-8A4E-C27EE6C727AB}"
EndProject
Project("{FAE04EC0-301F-11D3-BF4B-00C04F79EFBC}") = "SelfHost", "SelfHost\SelfHost.csproj", "{BF54AF20-AC73-4A52-ADF7-2BA783BFD543}"
EndProject
Project("{2150E333-8FDC-42A3-9474-1A3956D46DE8}") = "2. SPA", "2. SPA", "{236F7269-CBDE-40A2-9FF4-0AA1C7B3BD90}"
EndProject
Project("{FAE04EC0-301F-11D3-BF4B-00C04F79EFBC}") = "SinglePage", "SinglePage\SinglePage.csproj", "{CB93648D-8B9C-491F-9345-B0833CA8BD34}"
EndProject
Global
	GlobalSection(SolutionConfigurationPlatforms) = preSolution
		Debug|Any CPU = Debug|Any CPU
		Release|Any CPU = Release|Any CPU
	EndGlobalSection
	GlobalSection(ProjectConfigurationPlatforms) = postSolution
		{BF54AF20-AC73-4A52-ADF7-2BA783BFD543}.Debug|Any CPU.ActiveCfg = Debug|Any CPU
		{BF54AF20-AC73-4A52-ADF7-2BA783BFD543}.Debug|Any CPU.Build.0 = Debug|Any CPU
		{BF54AF20-AC73-4A52-ADF7-2BA783BFD543}.Release|Any CPU.ActiveCfg = Release|Any CPU
		{BF54AF20-AC73-4A52-ADF7-2BA783BFD543}.Release|Any CPU.Build.0 = Release|Any CPU
		{CB93648D-8B9C-491F-9345-B0833CA8BD34}.Debug|Any CPU.ActiveCfg = Debug|Any CPU
		{CB93648D-8B9C-491F-9345-B0833CA8BD34}.Debug|Any CPU.Build.0 = Debug|Any CPU
		{CB93648D-8B9C-491F-9345-B0833CA8BD34}.Release|Any CPU.ActiveCfg = Release|Any CPU
		{CB93648D-8B9C-491F-9345-B0833CA8BD34}.Release|Any CPU.Build.0 = Release|Any CPU
	EndGlobalSection
	GlobalSection(SolutionProperties) = preSolution
		HideSolutionNode = FALSE
	EndGlobalSection
	GlobalSection(NestedProjects) = preSolution
		{BF54AF20-AC73-4A52-ADF7-2BA783BFD543} = {B4FC3BAB-A70E-4BBD-8A4E-C27EE6C727AB}
		{CB93648D-8B9C-491F-9345-B0833CA8BD34} = {236F7269-CBDE-40A2-9FF4-0AA1C7B3BD90}
	EndGlobalSection
	GlobalSection(ExtensibilityGlobals) = postSolution
		SolutionGuid = {E876FDEA-3F86-40E4-B1A9-E6E8BAD0A0C4}
	EndGlobalSection
EndGlobal
