
Microsoft Visual Studio Solution File, Format Version 12.00
# Visual Studio 15
VisualStudioVersion = 15.0.28010.2036
MinimumVisualStudioVersion = 10.0.40219.1
Project("{FAE04EC0-301F-11D3-BF4B-00C04F79EFBC}") = "Log2UI", "Log2UI\Log2UI.csproj", "{FC0DFECD-5393-49C0-9ECA-8787557836A2}"
EndProject
<<<<<<< HEAD
<<<<<<< HEAD
<<<<<<< HEAD
<<<<<<< HEAD
=======
=======
>>>>>>> develop
=======
>>>>>>> develop
=======
>>>>>>> develop
Project("{FAE04EC0-301F-11D3-BF4B-00C04F79EFBC}") = "NLog2UI", "NLog2UI\NLog2UI.csproj", "{4FF88A9C-A2D7-4810-B0DA-EF33210F147D}"
EndProject
Project("{FAE04EC0-301F-11D3-BF4B-00C04F79EFBC}") = "Diagnostics2File", "Diagnostics2File\Diagnostics2File.csproj", "{4200689F-47A4-4F43-87D7-E6C7F3697D50}"
EndProject
<<<<<<< HEAD
<<<<<<< HEAD
<<<<<<< HEAD
>>>>>>> 900474040eb004a5e2de264ac39ddd76f027c316
=======
>>>>>>> develop
=======
>>>>>>> develop
=======
>>>>>>> develop
Global
	GlobalSection(SolutionConfigurationPlatforms) = preSolution
		Debug|Any CPU = Debug|Any CPU
		Release|Any CPU = Release|Any CPU
	EndGlobalSection
	GlobalSection(ProjectConfigurationPlatforms) = postSolution
		{FC0DFECD-5393-49C0-9ECA-8787557836A2}.Debug|Any CPU.ActiveCfg = Debug|Any CPU
		{FC0DFECD-5393-49C0-9ECA-8787557836A2}.Debug|Any CPU.Build.0 = Debug|Any CPU
		{FC0DFECD-5393-49C0-9ECA-8787557836A2}.Release|Any CPU.ActiveCfg = Release|Any CPU
		{FC0DFECD-5393-49C0-9ECA-8787557836A2}.Release|Any CPU.Build.0 = Release|Any CPU
<<<<<<< HEAD
<<<<<<< HEAD
<<<<<<< HEAD
<<<<<<< HEAD
=======
=======
>>>>>>> develop
=======
>>>>>>> develop
=======
>>>>>>> develop
		{4FF88A9C-A2D7-4810-B0DA-EF33210F147D}.Debug|Any CPU.ActiveCfg = Debug|Any CPU
		{4FF88A9C-A2D7-4810-B0DA-EF33210F147D}.Debug|Any CPU.Build.0 = Debug|Any CPU
		{4FF88A9C-A2D7-4810-B0DA-EF33210F147D}.Release|Any CPU.ActiveCfg = Release|Any CPU
		{4FF88A9C-A2D7-4810-B0DA-EF33210F147D}.Release|Any CPU.Build.0 = Release|Any CPU
		{4200689F-47A4-4F43-87D7-E6C7F3697D50}.Debug|Any CPU.ActiveCfg = Debug|Any CPU
		{4200689F-47A4-4F43-87D7-E6C7F3697D50}.Debug|Any CPU.Build.0 = Debug|Any CPU
		{4200689F-47A4-4F43-87D7-E6C7F3697D50}.Release|Any CPU.ActiveCfg = Release|Any CPU
		{4200689F-47A4-4F43-87D7-E6C7F3697D50}.Release|Any CPU.Build.0 = Release|Any CPU
<<<<<<< HEAD
<<<<<<< HEAD
<<<<<<< HEAD
>>>>>>> 900474040eb004a5e2de264ac39ddd76f027c316
=======
>>>>>>> develop
=======
>>>>>>> develop
=======
>>>>>>> develop
	EndGlobalSection
	GlobalSection(SolutionProperties) = preSolution
		HideSolutionNode = FALSE
	EndGlobalSection
	GlobalSection(ExtensibilityGlobals) = postSolution
		SolutionGuid = {B9996E2A-FC15-4D69-9FB2-34DDE26FD6DA}
	EndGlobalSection
EndGlobal
