
Microsoft Visual Studio Solution File, Format Version 12.00
# Visual Studio 15
VisualStudioVersion = 15.0.27703.2000
MinimumVisualStudioVersion = 10.0.40219.1
Project("{2150E333-8FDC-42A3-9474-1A3956D46DE8}") = "ThriftSample", "ThriftSample", "{4E6AF8FB-7237-450F-B41D-F93E13597E23}"
EndProject
Project("{2150E333-8FDC-42A3-9474-1A3956D46DE8}") = "GRPCSample", "GRPCSample", "{EC69D209-6C11-444D-AC0A-10055FD7C927}"
EndProject
Project("{FAE04EC0-301F-11D3-BF4B-00C04F79EFBC}") = "ThriftSample.Client", "ThriftSample.Client\ThriftSample.Client.csproj", "{2458792F-4C5B-4967-A0C3-376950A83415}"
EndProject
Project("{FAE04EC0-301F-11D3-BF4B-00C04F79EFBC}") = "ThriftSample.Server", "ThriftSample.Server\ThriftSample.Server.csproj", "{16D927A2-5265-44D4-96AE-355A96A60659}"
EndProject
Project("{FAE04EC0-301F-11D3-BF4B-00C04F79EFBC}") = "ThriftSample.DTO", "ThriftSample.DTO\ThriftSample.DTO.csproj", "{F7B383A4-726A-4B37-9D43-7D8371429841}"
EndProject
Global
	GlobalSection(SolutionConfigurationPlatforms) = preSolution
		Debug|Any CPU = Debug|Any CPU
		Release|Any CPU = Release|Any CPU
	EndGlobalSection
	GlobalSection(ProjectConfigurationPlatforms) = postSolution
		{2458792F-4C5B-4967-A0C3-376950A83415}.Debug|Any CPU.ActiveCfg = Debug|Any CPU
		{2458792F-4C5B-4967-A0C3-376950A83415}.Debug|Any CPU.Build.0 = Debug|Any CPU
		{2458792F-4C5B-4967-A0C3-376950A83415}.Release|Any CPU.ActiveCfg = Release|Any CPU
		{2458792F-4C5B-4967-A0C3-376950A83415}.Release|Any CPU.Build.0 = Release|Any CPU
		{16D927A2-5265-44D4-96AE-355A96A60659}.Debug|Any CPU.ActiveCfg = Debug|Any CPU
		{16D927A2-5265-44D4-96AE-355A96A60659}.Debug|Any CPU.Build.0 = Debug|Any CPU
		{16D927A2-5265-44D4-96AE-355A96A60659}.Release|Any CPU.ActiveCfg = Release|Any CPU
		{16D927A2-5265-44D4-96AE-355A96A60659}.Release|Any CPU.Build.0 = Release|Any CPU
		{F7B383A4-726A-4B37-9D43-7D8371429841}.Debug|Any CPU.ActiveCfg = Debug|Any CPU
		{F7B383A4-726A-4B37-9D43-7D8371429841}.Debug|Any CPU.Build.0 = Debug|Any CPU
		{F7B383A4-726A-4B37-9D43-7D8371429841}.Release|Any CPU.ActiveCfg = Release|Any CPU
		{F7B383A4-726A-4B37-9D43-7D8371429841}.Release|Any CPU.Build.0 = Release|Any CPU
	EndGlobalSection
	GlobalSection(SolutionProperties) = preSolution
		HideSolutionNode = FALSE
	EndGlobalSection
	GlobalSection(NestedProjects) = preSolution
		{2458792F-4C5B-4967-A0C3-376950A83415} = {4E6AF8FB-7237-450F-B41D-F93E13597E23}
		{16D927A2-5265-44D4-96AE-355A96A60659} = {4E6AF8FB-7237-450F-B41D-F93E13597E23}
		{F7B383A4-726A-4B37-9D43-7D8371429841} = {4E6AF8FB-7237-450F-B41D-F93E13597E23}
	EndGlobalSection
	GlobalSection(ExtensibilityGlobals) = postSolution
		SolutionGuid = {F06A5E8E-B640-40A6-85A9-38A3F62B9EB7}
	EndGlobalSection
EndGlobal
