
Microsoft Visual Studio Solution File, Format Version 12.00
# Visual Studio Version 16
VisualStudioVersion = 16.0.31410.357
MinimumVisualStudioVersion = 10.0.40219.1
Project("{FAE04EC0-301F-11D3-BF4B-00C04F79EFBC}") = "CPPCLI.Console", "CPPCLI.Console\CPPCLI.Console.csproj", "{E2691C6A-E578-422D-A919-87060CECD532}"
EndProject
Project("{2150E333-8FDC-42A3-9474-1A3956D46DE8}") = "1. CSharp call CPP", "1. CSharp call CPP", "{6E683F58-F91E-4F94-A034-43552F3D232A}"
EndProject
Project("{2150E333-8FDC-42A3-9474-1A3956D46DE8}") = "2. CPP call CSharp", "2. CPP call CSharp", "{84C688B1-412C-4662-951D-91A3F7C24D7A}"
EndProject
Project("{2150E333-8FDC-42A3-9474-1A3956D46DE8}") = "1.1 CLI", "1.1 CLI", "{AB691379-32DB-41DF-B8A0-C26F8630B6CB}"
EndProject
Project("{2150E333-8FDC-42A3-9474-1A3956D46DE8}") = "1.2 PInvoke", "1.2 PInvoke", "{CB66BE40-F191-4D47-8EBB-2D1225D6A7B8}"
EndProject
Project("{8BC9CEB8-8B4A-11D0-8D11-00A0C91BC942}") = "CPPCLI.Library", "CPPCLI.Library\CPPCLI.Library.vcxproj", "{772FBDCC-B8D5-46DE-85E6-0F8FEF7EFD8D}"
EndProject
Project("{8BC9CEB8-8B4A-11D0-8D11-00A0C91BC942}") = "CPPCLI.CLI", "CPPCLI.CLI\CPPCLI.CLI.vcxproj", "{C03F981A-962F-487F-A403-F34A44E19E5D}"
EndProject
Global
	GlobalSection(SolutionConfigurationPlatforms) = preSolution
		Debug|Any CPU = Debug|Any CPU
		Debug|x64 = Debug|x64
		Debug|x86 = Debug|x86
		Release|Any CPU = Release|Any CPU
		Release|x64 = Release|x64
		Release|x86 = Release|x86
	EndGlobalSection
	GlobalSection(ProjectConfigurationPlatforms) = postSolution
		{E2691C6A-E578-422D-A919-87060CECD532}.Debug|Any CPU.ActiveCfg = Debug|Any CPU
		{E2691C6A-E578-422D-A919-87060CECD532}.Debug|Any CPU.Build.0 = Debug|Any CPU
		{E2691C6A-E578-422D-A919-87060CECD532}.Debug|x64.ActiveCfg = Debug|Any CPU
		{E2691C6A-E578-422D-A919-87060CECD532}.Debug|x64.Build.0 = Debug|Any CPU
		{E2691C6A-E578-422D-A919-87060CECD532}.Debug|x86.ActiveCfg = Debug|Any CPU
		{E2691C6A-E578-422D-A919-87060CECD532}.Debug|x86.Build.0 = Debug|Any CPU
		{E2691C6A-E578-422D-A919-87060CECD532}.Release|Any CPU.ActiveCfg = Release|Any CPU
		{E2691C6A-E578-422D-A919-87060CECD532}.Release|Any CPU.Build.0 = Release|Any CPU
		{E2691C6A-E578-422D-A919-87060CECD532}.Release|x64.ActiveCfg = Release|Any CPU
		{E2691C6A-E578-422D-A919-87060CECD532}.Release|x64.Build.0 = Release|Any CPU
		{E2691C6A-E578-422D-A919-87060CECD532}.Release|x86.ActiveCfg = Release|Any CPU
		{E2691C6A-E578-422D-A919-87060CECD532}.Release|x86.Build.0 = Release|Any CPU
		{772FBDCC-B8D5-46DE-85E6-0F8FEF7EFD8D}.Debug|Any CPU.ActiveCfg = Debug|Win32
		{772FBDCC-B8D5-46DE-85E6-0F8FEF7EFD8D}.Debug|x64.ActiveCfg = Debug|x64
		{772FBDCC-B8D5-46DE-85E6-0F8FEF7EFD8D}.Debug|x64.Build.0 = Debug|x64
		{772FBDCC-B8D5-46DE-85E6-0F8FEF7EFD8D}.Debug|x86.ActiveCfg = Debug|Win32
		{772FBDCC-B8D5-46DE-85E6-0F8FEF7EFD8D}.Debug|x86.Build.0 = Debug|Win32
		{772FBDCC-B8D5-46DE-85E6-0F8FEF7EFD8D}.Release|Any CPU.ActiveCfg = Release|Win32
		{772FBDCC-B8D5-46DE-85E6-0F8FEF7EFD8D}.Release|x64.ActiveCfg = Release|x64
		{772FBDCC-B8D5-46DE-85E6-0F8FEF7EFD8D}.Release|x64.Build.0 = Release|x64
		{772FBDCC-B8D5-46DE-85E6-0F8FEF7EFD8D}.Release|x86.ActiveCfg = Release|Win32
		{772FBDCC-B8D5-46DE-85E6-0F8FEF7EFD8D}.Release|x86.Build.0 = Release|Win32
		{C03F981A-962F-487F-A403-F34A44E19E5D}.Debug|Any CPU.ActiveCfg = Debug|Win32
		{C03F981A-962F-487F-A403-F34A44E19E5D}.Debug|x64.ActiveCfg = Debug|x64
		{C03F981A-962F-487F-A403-F34A44E19E5D}.Debug|x64.Build.0 = Debug|x64
		{C03F981A-962F-487F-A403-F34A44E19E5D}.Debug|x86.ActiveCfg = Debug|Win32
		{C03F981A-962F-487F-A403-F34A44E19E5D}.Debug|x86.Build.0 = Debug|Win32
		{C03F981A-962F-487F-A403-F34A44E19E5D}.Release|Any CPU.ActiveCfg = Release|Win32
		{C03F981A-962F-487F-A403-F34A44E19E5D}.Release|x64.ActiveCfg = Release|x64
		{C03F981A-962F-487F-A403-F34A44E19E5D}.Release|x64.Build.0 = Release|x64
		{C03F981A-962F-487F-A403-F34A44E19E5D}.Release|x86.ActiveCfg = Release|Win32
		{C03F981A-962F-487F-A403-F34A44E19E5D}.Release|x86.Build.0 = Release|Win32
	EndGlobalSection
	GlobalSection(SolutionProperties) = preSolution
		HideSolutionNode = FALSE
	EndGlobalSection
	GlobalSection(NestedProjects) = preSolution
		{E2691C6A-E578-422D-A919-87060CECD532} = {AB691379-32DB-41DF-B8A0-C26F8630B6CB}
		{AB691379-32DB-41DF-B8A0-C26F8630B6CB} = {6E683F58-F91E-4F94-A034-43552F3D232A}
		{CB66BE40-F191-4D47-8EBB-2D1225D6A7B8} = {6E683F58-F91E-4F94-A034-43552F3D232A}
		{772FBDCC-B8D5-46DE-85E6-0F8FEF7EFD8D} = {AB691379-32DB-41DF-B8A0-C26F8630B6CB}
		{C03F981A-962F-487F-A403-F34A44E19E5D} = {AB691379-32DB-41DF-B8A0-C26F8630B6CB}
	EndGlobalSection
	GlobalSection(ExtensibilityGlobals) = postSolution
		SolutionGuid = {1CBDCFF1-557E-4E29-9B8A-1D466C468553}
	EndGlobalSection
EndGlobal
